{
  "name": "worker-gleam-template",
  "version": "1.0.0",
  "lockfileVersion": 2,
  "requires": true,
  "packages": {
    "": {
      "name": "worker-gleam-template",
      "version": "1.0.0",
      "license": "Apache-2.0",
      "devDependencies": {
        "esbuild": "^0.12.24",
        "gleam-packages": "file:./target/lib"
      }
    },
    "_build/lib": {
      "extraneous": true
    },
    "node_modules/esbuild": {
      "version": "0.12.24",
      "dev": true,
      "hasInstallScript": true,
      "license": "MIT",
      "bin": {
        "esbuild": "bin/esbuild"
      }
    },
    "node_modules/gleam-packages": {
      "resolved": "target/lib",
      "link": true
    },
    "target/lib": {
      "dev": true
    }
  },
  "dependencies": {
    "esbuild": {
      "version": "0.12.24",
      "dev": true
    },
    "gleam-packages": {
      "version": "file:target/lib"
    }
  }
}
